
Microsoft Visual Studio Solution File, Format Version 12.00
# Visual Studio 15
VisualStudioVersion = 15.0.27428.2011
MinimumVisualStudioVersion = 10.0.40219.1
Project("{8BC9CEB8-8B4A-11D0-8D11-00A0C91BC942}") = "9-1", "Project1\Project1.vcxproj", "{46CA9209-788A-4EFE-A4E2-064B6966B070}"
EndProject
Project("{8BC9CEB8-8B4A-11D0-8D11-00A0C91BC942}") = "9-2", "9-2\9-2.vcxproj", "{469B459B-3575-45CB-8646-E7A2F096A678}"
EndProject
Project("{8BC9CEB8-8B4A-11D0-8D11-00A0C91BC942}") = "9-3", "9-3\9-3.vcxproj", "{2B62EBA7-A4EA-446F-8298-23E3572E37A1}"
EndProject
Project("{8BC9CEB8-8B4A-11D0-8D11-00A0C91BC942}") = "9-4", "9-4\9-4.vcxproj", "{1971FEFC-F910-4BE6-939E-C5137E09B55D}"
EndProject
Project("{8BC9CEB8-8B4A-11D0-8D11-00A0C91BC942}") = "9-5", "9-5\9-5.vcxproj", "{7C97D620-6BD0-4317-938C-23A13718D388}"
EndProject
Project("{8BC9CEB8-8B4A-11D0-8D11-00A0C91BC942}") = "9-6", "9-6\9-6.vcxproj", "{A9FB4CA9-CFA2-45BE-87F7-C9691165EC5D}"
EndProject
Project("{8BC9CEB8-8B4A-11D0-8D11-00A0C91BC942}") = "7-5", "7-5\7-5.vcxproj", "{E64E71B0-216B-49F4-8262-53CB5EB8A997}"
EndProject
Project("{8BC9CEB8-8B4A-11D0-8D11-00A0C91BC942}") = "7-ACM", "7-ACM\7-ACM.vcxproj", "{960E02A1-7D21-4208-83A1-123D2EFB7038}"
EndProject
Global
	GlobalSection(SolutionConfigurationPlatforms) = preSolution
		Debug|x64 = Debug|x64
		Debug|x86 = Debug|x86
		Release|x64 = Release|x64
		Release|x86 = Release|x86
	EndGlobalSection
	GlobalSection(ProjectConfigurationPlatforms) = postSolution
		{46CA9209-788A-4EFE-A4E2-064B6966B070}.Debug|x64.ActiveCfg = Debug|x64
		{46CA9209-788A-4EFE-A4E2-064B6966B070}.Debug|x64.Build.0 = Debug|x64
		{46CA9209-788A-4EFE-A4E2-064B6966B070}.Debug|x86.ActiveCfg = Debug|Win32
		{46CA9209-788A-4EFE-A4E2-064B6966B070}.Debug|x86.Build.0 = Debug|Win32
		{46CA9209-788A-4EFE-A4E2-064B6966B070}.Release|x64.ActiveCfg = Release|x64
		{46CA9209-788A-4EFE-A4E2-064B6966B070}.Release|x64.Build.0 = Release|x64
		{46CA9209-788A-4EFE-A4E2-064B6966B070}.Release|x86.ActiveCfg = Release|Win32
		{46CA9209-788A-4EFE-A4E2-064B6966B070}.Release|x86.Build.0 = Release|Win32
		{469B459B-3575-45CB-8646-E7A2F096A678}.Debug|x64.ActiveCfg = Debug|x64
		{469B459B-3575-45CB-8646-E7A2F096A678}.Debug|x64.Build.0 = Debug|x64
		{469B459B-3575-45CB-8646-E7A2F096A678}.Debug|x86.ActiveCfg = Debug|Win32
		{469B459B-3575-45CB-8646-E7A2F096A678}.Debug|x86.Build.0 = Debug|Win32
		{469B459B-3575-45CB-8646-E7A2F096A678}.Release|x64.ActiveCfg = Release|x64
		{469B459B-3575-45CB-8646-E7A2F096A678}.Release|x64.Build.0 = Release|x64
		{469B459B-3575-45CB-8646-E7A2F096A678}.Release|x86.ActiveCfg = Release|Win32
		{469B459B-3575-45CB-8646-E7A2F096A678}.Release|x86.Build.0 = Release|Win32
		{2B62EBA7-A4EA-446F-8298-23E3572E37A1}.Debug|x64.ActiveCfg = Debug|x64
		{2B62EBA7-A4EA-446F-8298-23E3572E37A1}.Debug|x64.Build.0 = Debug|x64
		{2B62EBA7-A4EA-446F-8298-23E3572E37A1}.Debug|x86.ActiveCfg = Debug|Win32
		{2B62EBA7-A4EA-446F-8298-23E3572E37A1}.Debug|x86.Build.0 = Debug|Win32
		{2B62EBA7-A4EA-446F-8298-23E3572E37A1}.Release|x64.ActiveCfg = Release|x64
		{2B62EBA7-A4EA-446F-8298-23E3572E37A1}.Release|x64.Build.0 = Release|x64
		{2B62EBA7-A4EA-446F-8298-23E3572E37A1}.Release|x86.ActiveCfg = Release|Win32
		{2B62EBA7-A4EA-446F-8298-23E3572E37A1}.Release|x86.Build.0 = Release|Win32
		{1971FEFC-F910-4BE6-939E-C5137E09B55D}.Debug|x64.ActiveCfg = Debug|x64
		{1971FEFC-F910-4BE6-939E-C5137E09B55D}.Debug|x64.Build.0 = Debug|x64
		{1971FEFC-F910-4BE6-939E-C5137E09B55D}.Debug|x86.ActiveCfg = Debug|Win32
		{1971FEFC-F910-4BE6-939E-C5137E09B55D}.Debug|x86.Build.0 = Debug|Win32
		{1971FEFC-F910-4BE6-939E-C5137E09B55D}.Release|x64.ActiveCfg = Release|x64
		{1971FEFC-F910-4BE6-939E-C5137E09B55D}.Release|x64.Build.0 = Release|x64
		{1971FEFC-F910-4BE6-939E-C5137E09B55D}.Release|x86.ActiveCfg = Release|Win32
		{1971FEFC-F910-4BE6-939E-C5137E09B55D}.Release|x86.Build.0 = Release|Win32
		{7C97D620-6BD0-4317-938C-23A13718D388}.Debug|x64.ActiveCfg = Debug|x64
		{7C97D620-6BD0-4317-938C-23A13718D388}.Debug|x64.Build.0 = Debug|x64
		{7C97D620-6BD0-4317-938C-23A13718D388}.Debug|x86.ActiveCfg = Debug|Win32
		{7C97D620-6BD0-4317-938C-23A13718D388}.Debug|x86.Build.0 = Debug|Win32
		{7C97D620-6BD0-4317-938C-23A13718D388}.Release|x64.ActiveCfg = Release|x64
		{7C97D620-6BD0-4317-938C-23A13718D388}.Release|x64.Build.0 = Release|x64
		{7C97D620-6BD0-4317-938C-23A13718D388}.Release|x86.ActiveCfg = Release|Win32
		{7C97D620-6BD0-4317-938C-23A13718D388}.Release|x86.Build.0 = Release|Win32
		{A9FB4CA9-CFA2-45BE-87F7-C9691165EC5D}.Debug|x64.ActiveCfg = Debug|x64
		{A9FB4CA9-CFA2-45BE-87F7-C9691165EC5D}.Debug|x64.Build.0 = Debug|x64
		{A9FB4CA9-CFA2-45BE-87F7-C9691165EC5D}.Debug|x86.ActiveCfg = Debug|Win32
		{A9FB4CA9-CFA2-45BE-87F7-C9691165EC5D}.Debug|x86.Build.0 = Debug|Win32
		{A9FB4CA9-CFA2-45BE-87F7-C9691165EC5D}.Release|x64.ActiveCfg = Release|x64
		{A9FB4CA9-CFA2-45BE-87F7-C9691165EC5D}.Release|x64.Build.0 = Release|x64
		{A9FB4CA9-CFA2-45BE-87F7-C9691165EC5D}.Release|x86.ActiveCfg = Release|Win32
		{A9FB4CA9-CFA2-45BE-87F7-C9691165EC5D}.Release|x86.Build.0 = Release|Win32
		{E64E71B0-216B-49F4-8262-53CB5EB8A997}.Debug|x64.ActiveCfg = Debug|x64
		{E64E71B0-216B-49F4-8262-53CB5EB8A997}.Debug|x64.Build.0 = Debug|x64
		{E64E71B0-216B-49F4-8262-53CB5EB8A997}.Debug|x86.ActiveCfg = Debug|Win32
		{E64E71B0-216B-49F4-8262-53CB5EB8A997}.Debug|x86.Build.0 = Debug|Win32
		{E64E71B0-216B-49F4-8262-53CB5EB8A997}.Release|x64.ActiveCfg = Release|x64
		{E64E71B0-216B-49F4-8262-53CB5EB8A997}.Release|x64.Build.0 = Release|x64
		{E64E71B0-216B-49F4-8262-53CB5EB8A997}.Release|x86.ActiveCfg = Release|Win32
		{E64E71B0-216B-49F4-8262-53CB5EB8A997}.Release|x86.Build.0 = Release|Win32
		{960E02A1-7D21-4208-83A1-123D2EFB7038}.Debug|x64.ActiveCfg = Debug|x64
		{960E02A1-7D21-4208-83A1-123D2EFB7038}.Debug|x64.Build.0 = Debug|x64
		{960E02A1-7D21-4208-83A1-123D2EFB7038}.Debug|x86.ActiveCfg = Debug|Win32
		{960E02A1-7D21-4208-83A1-123D2EFB7038}.Debug|x86.Build.0 = Debug|Win32
		{960E02A1-7D21-4208-83A1-123D2EFB7038}.Release|x64.ActiveCfg = Release|x64
		{960E02A1-7D21-4208-83A1-123D2EFB7038}.Release|x64.Build.0 = Release|x64
		{960E02A1-7D21-4208-83A1-123D2EFB7038}.Release|x86.ActiveCfg = Release|Win32
		{960E02A1-7D21-4208-83A1-123D2EFB7038}.Release|x86.Build.0 = Release|Win32
	EndGlobalSection
	GlobalSection(SolutionProperties) = preSolution
		HideSolutionNode = FALSE
	EndGlobalSection
	GlobalSection(ExtensibilityGlobals) = postSolution
		SolutionGuid = {EB4CA947-1B92-4816-8E92-5BE9D0F6D2FB}
	EndGlobalSection
EndGlobal
